
Microsoft Visual Studio Solution File, Format Version 12.00
# Visual Studio Version 17
VisualStudioVersion = 17.7.34031.279
MinimumVisualStudioVersion = 10.0.40219.1
Project("{8BC9CEB8-8B4A-11D0-8D11-00A0C91BC942}") = "Proyecto Final PA", "Proyecto Final PA\Proyecto Final PA.vcxproj", "{56752771-0679-4B70-BDC2-11B108586B7C}"
EndProject
Global
	GlobalSection(SolutionConfigurationPlatforms) = preSolution
		Debug|x64 = Debug|x64
		Debug|x86 = Debug|x86
		Release|x64 = Release|x64
		Release|x86 = Release|x86
	EndGlobalSection
	GlobalSection(ProjectConfigurationPlatforms) = postSolution
		{56752771-0679-4B70-BDC2-11B108586B7C}.Debug|x64.ActiveCfg = Debug|x64
		{56752771-0679-4B70-BDC2-11B108586B7C}.Debug|x64.Build.0 = Debug|x64
		{56752771-0679-4B70-BDC2-11B108586B7C}.Debug|x86.ActiveCfg = Debug|Win32
		{56752771-0679-4B70-BDC2-11B108586B7C}.Debug|x86.Build.0 = Debug|Win32
		{56752771-0679-4B70-BDC2-11B108586B7C}.Release|x64.ActiveCfg = Release|x64
		{56752771-0679-4B70-BDC2-11B108586B7C}.Release|x64.Build.0 = Release|x64
		{56752771-0679-4B70-BDC2-11B108586B7C}.Release|x86.ActiveCfg = Release|Win32
		{56752771-0679-4B70-BDC2-11B108586B7C}.Release|x86.Build.0 = Release|Win32
	EndGlobalSection
	GlobalSection(SolutionProperties) = preSolution
		HideSolutionNode = FALSE
	EndGlobalSection
	GlobalSection(ExtensibilityGlobals) = postSolution
		SolutionGuid = {8F073681-51BB-4FAA-B2F0-33E22CED272A}
	EndGlobalSection
EndGlobal
